
Microsoft Visual Studio Solution File, Format Version 12.00
# Visual Studio Version 17
VisualStudioVersion = 17.0.31903.59
MinimumVisualStudioVersion = 10.0.40219.1
Project("{FAE04EC0-301F-11D3-BF4B-00C04F79EFBC}") = "WpfHelloWorld", "WpfHelloWorld.csproj", "{237ECE6D-8B57-4039-B980-09D4B2331D5C}"
EndProject
Global
	GlobalSection(SolutionConfigurationPlatforms) = preSolution
		Debug|Any CPU = Debug|Any CPU
		Release|Any CPU = Release|Any CPU
	EndGlobalSection
	GlobalSection(ProjectConfigurationPlatforms) = postSolution
		{237ECE6D-8B57-4039-B980-09D4B2331D5C}.Debug|Any CPU.ActiveCfg = Debug|Any CPU
		{237ECE6D-8B57-4039-B980-09D4B2331D5C}.Debug|Any CPU.Build.0 = Debug|Any CPU
		{237ECE6D-8B57-4039-B980-09D4B2331D5C}.Release|Any CPU.ActiveCfg = Release|Any CPU
		{237ECE6D-8B57-4039-B980-09D4B2331D5C}.Release|Any CPU.Build.0 = Release|Any CPU
	EndGlobalSection
	GlobalSection(SolutionProperties) = preSolution
		HideSolutionNode = FALSE
	EndGlobalSection
	GlobalSection(ExtensibilityGlobals) = postSolution
		SolutionGuid = {AAD20EDB-9435-4703-8B81-C3E31C61865A}
	EndGlobalSection
EndGlobal
